
Microsoft Visual Studio Solution File, Format Version 12.00
# Visual Studio Version 17
VisualStudioVersion = 17.6.33815.320
MinimumVisualStudioVersion = 10.0.40219.1
Project("{FAE04EC0-301F-11D3-BF4B-00C04F79EFBC}") = "ExperimentWithControls", "ExperimentWithControls.csproj", "{025C079D-1C78-454B-AD14-12056AAF7826}"
EndProject
Global
	GlobalSection(SolutionConfigurationPlatforms) = preSolution
		Debug|Any CPU = Debug|Any CPU
		Release|Any CPU = Release|Any CPU
	EndGlobalSection
	GlobalSection(ProjectConfigurationPlatforms) = postSolution
		{025C079D-1C78-454B-AD14-12056AAF7826}.Debug|Any CPU.ActiveCfg = Debug|Any CPU
		{025C079D-1C78-454B-AD14-12056AAF7826}.Debug|Any CPU.Build.0 = Debug|Any CPU
		{025C079D-1C78-454B-AD14-12056AAF7826}.Release|Any CPU.ActiveCfg = Release|Any CPU
		{025C079D-1C78-454B-AD14-12056AAF7826}.Release|Any CPU.Build.0 = Release|Any CPU
	EndGlobalSection
	GlobalSection(SolutionProperties) = preSolution
		HideSolutionNode = FALSE
	EndGlobalSection
	GlobalSection(ExtensibilityGlobals) = postSolution
		SolutionGuid = {87765211-23AD-4D09-97A1-D78C1BAD6907}
	EndGlobalSection
EndGlobal
